
Microsoft Visual Studio Solution File, Format Version 12.00
# Visual Studio Version 17
VisualStudioVersion = 17.11.35222.181
MinimumVisualStudioVersion = 10.0.40219.1
Project("{FAE04EC0-301F-11D3-BF4B-00C04F79EFBC}") = "FplDashboard.ETL", "FplDashboard.ETL\FplDashboard.ETL.csproj", "{D6430523-81AF-4294-B1F8-F04738F5DE77}"
EndProject
Project("{FAE04EC0-301F-11D3-BF4B-00C04F79EFBC}") = "FplDashboard.DataModel", "FplDashboard.DataModel\FplDashboard.DataModel.csproj", "{3D8E50DB-82F6-4959-91D4-6D2173475F09}"
EndProject
Project("{FAE04EC0-301F-11D3-BF4B-00C04F79EFBC}") = "FplDashboard.Migrations", "FplDashboard.Migrations\FplDashboard.Migrations.csproj", "{6711B4FE-193A-4E4F-95BC-6A90BC5E8640}"
EndProject
Project("{FAE04EC0-301F-11D3-BF4B-00C04F79EFBC}") = "FplDashboard.ETL.IntegrationTests", "FplDashboard.ETL.IntegrationTests\FplDashboard.ETL.IntegrationTests.csproj", "{88C146C6-3796-44C6-ABAB-5BB72E4C020D}"
EndProject
Project("{FAE04EC0-301F-11D3-BF4B-00C04F79EFBC}") = "FplDashboard.API", "FplDashboard.API\FplDashboard.API.csproj", "{184C2B23-530B-45CB-9B2B-D3930C8AF373}"
EndProject
Project("{FAE04EC0-301F-11D3-BF4B-00C04F79EFBC}") = "FplDashboard.API.IntegrationTests", "FplDashboard.API.IntegrationTests\FplDashboard.API.IntegrationTests.csproj", "{CC8FB584-2611-4DD5-866B-845AB2CD673B}"
EndProject
Project("{FAE04EC0-301F-11D3-BF4B-00C04F79EFBC}") = "FplDashboard.API.UnitTests", "FplDashboard.API.UnitTests\FplDashboard.API.UnitTests.csproj", "{8EEF9FF7-AB7D-4E9C-A66F-C2C429945782}"
EndProject
Global
	GlobalSection(SolutionConfigurationPlatforms) = preSolution
		Debug|Any CPU = Debug|Any CPU
		Release|Any CPU = Release|Any CPU
	EndGlobalSection
	GlobalSection(ProjectConfigurationPlatforms) = postSolution
		{D6430523-81AF-4294-B1F8-F04738F5DE77}.Debug|Any CPU.ActiveCfg = Debug|Any CPU
		{D6430523-81AF-4294-B1F8-F04738F5DE77}.Debug|Any CPU.Build.0 = Debug|Any CPU
		{D6430523-81AF-4294-B1F8-F04738F5DE77}.Release|Any CPU.ActiveCfg = Release|Any CPU
		{D6430523-81AF-4294-B1F8-F04738F5DE77}.Release|Any CPU.Build.0 = Release|Any CPU
		{3D8E50DB-82F6-4959-91D4-6D2173475F09}.Debug|Any CPU.ActiveCfg = Debug|Any CPU
		{3D8E50DB-82F6-4959-91D4-6D2173475F09}.Debug|Any CPU.Build.0 = Debug|Any CPU
		{3D8E50DB-82F6-4959-91D4-6D2173475F09}.Release|Any CPU.ActiveCfg = Release|Any CPU
		{3D8E50DB-82F6-4959-91D4-6D2173475F09}.Release|Any CPU.Build.0 = Release|Any CPU
		{6711B4FE-193A-4E4F-95BC-6A90BC5E8640}.Debug|Any CPU.ActiveCfg = Debug|Any CPU
		{6711B4FE-193A-4E4F-95BC-6A90BC5E8640}.Debug|Any CPU.Build.0 = Debug|Any CPU
		{6711B4FE-193A-4E4F-95BC-6A90BC5E8640}.Release|Any CPU.ActiveCfg = Release|Any CPU
		{6711B4FE-193A-4E4F-95BC-6A90BC5E8640}.Release|Any CPU.Build.0 = Release|Any CPU
		{88C146C6-3796-44C6-ABAB-5BB72E4C020D}.Debug|Any CPU.ActiveCfg = Debug|Any CPU
		{88C146C6-3796-44C6-ABAB-5BB72E4C020D}.Debug|Any CPU.Build.0 = Debug|Any CPU
		{88C146C6-3796-44C6-ABAB-5BB72E4C020D}.Release|Any CPU.ActiveCfg = Release|Any CPU
		{88C146C6-3796-44C6-ABAB-5BB72E4C020D}.Release|Any CPU.Build.0 = Release|Any CPU
		{184C2B23-530B-45CB-9B2B-D3930C8AF373}.Debug|Any CPU.ActiveCfg = Debug|Any CPU
		{184C2B23-530B-45CB-9B2B-D3930C8AF373}.Debug|Any CPU.Build.0 = Debug|Any CPU
		{184C2B23-530B-45CB-9B2B-D3930C8AF373}.Release|Any CPU.ActiveCfg = Release|Any CPU
		{184C2B23-530B-45CB-9B2B-D3930C8AF373}.Release|Any CPU.Build.0 = Release|Any CPU
		{CC8FB584-2611-4DD5-866B-845AB2CD673B}.Debug|Any CPU.ActiveCfg = Debug|Any CPU
		{CC8FB584-2611-4DD5-866B-845AB2CD673B}.Debug|Any CPU.Build.0 = Debug|Any CPU
		{CC8FB584-2611-4DD5-866B-845AB2CD673B}.Release|Any CPU.ActiveCfg = Release|Any CPU
		{CC8FB584-2611-4DD5-866B-845AB2CD673B}.Release|Any CPU.Build.0 = Release|Any CPU
		{8EEF9FF7-AB7D-4E9C-A66F-C2C429945782}.Debug|Any CPU.ActiveCfg = Debug|Any CPU
		{8EEF9FF7-AB7D-4E9C-A66F-C2C429945782}.Debug|Any CPU.Build.0 = Debug|Any CPU
		{8EEF9FF7-AB7D-4E9C-A66F-C2C429945782}.Release|Any CPU.ActiveCfg = Release|Any CPU
		{8EEF9FF7-AB7D-4E9C-A66F-C2C429945782}.Release|Any CPU.Build.0 = Release|Any CPU
	EndGlobalSection
	GlobalSection(SolutionProperties) = preSolution
		HideSolutionNode = FALSE
	EndGlobalSection
	GlobalSection(ExtensibilityGlobals) = postSolution
		SolutionGuid = {2477022F-253C-42FA-84DD-A7D4CF48341F}
	EndGlobalSection
EndGlobal
